
Microsoft Visual Studio Solution File, Format Version 12.00
# Visual Studio Version 16
VisualStudioVersion = 16.0.31727.386
MinimumVisualStudioVersion = 10.0.40219.1
Project("{FAE04EC0-301F-11D3-BF4B-00C04F79EFBC}") = "EKRLib", "EKRLib\EKRLib.csproj", "{FFA3B4B3-0F4F-4E29-B64B-E7D5FC3F8603}"
EndProject
Project("{FAE04EC0-301F-11D3-BF4B-00C04F79EFBC}") = "ConsoleApp1", "ConsoleApp1\ConsoleApp1.csproj", "{A6424F78-8B2B-4B1C-97E6-56C6022F862D}"
EndProject
Global
	GlobalSection(SolutionConfigurationPlatforms) = preSolution
		Debug|Any CPU = Debug|Any CPU
		Release|Any CPU = Release|Any CPU
	EndGlobalSection
	GlobalSection(ProjectConfigurationPlatforms) = postSolution
		{FFA3B4B3-0F4F-4E29-B64B-E7D5FC3F8603}.Debug|Any CPU.ActiveCfg = Debug|Any CPU
		{FFA3B4B3-0F4F-4E29-B64B-E7D5FC3F8603}.Debug|Any CPU.Build.0 = Debug|Any CPU
		{FFA3B4B3-0F4F-4E29-B64B-E7D5FC3F8603}.Release|Any CPU.ActiveCfg = Release|Any CPU
		{FFA3B4B3-0F4F-4E29-B64B-E7D5FC3F8603}.Release|Any CPU.Build.0 = Release|Any CPU
		{A6424F78-8B2B-4B1C-97E6-56C6022F862D}.Debug|Any CPU.ActiveCfg = Debug|Any CPU
		{A6424F78-8B2B-4B1C-97E6-56C6022F862D}.Debug|Any CPU.Build.0 = Debug|Any CPU
		{A6424F78-8B2B-4B1C-97E6-56C6022F862D}.Release|Any CPU.ActiveCfg = Release|Any CPU
		{A6424F78-8B2B-4B1C-97E6-56C6022F862D}.Release|Any CPU.Build.0 = Release|Any CPU
	EndGlobalSection
	GlobalSection(SolutionProperties) = preSolution
		HideSolutionNode = FALSE
	EndGlobalSection
	GlobalSection(ExtensibilityGlobals) = postSolution
		SolutionGuid = {0CAC191D-B75D-4713-A352-6DD5B10173ED}
	EndGlobalSection
EndGlobal
